Microsoft Visual Studio Solution File, Format Version 12.00
# Visual Studio Version 17
VisualStudioVersion = 17.5.2.0
MinimumVisualStudioVersion = 10.0.40219.1
Project("{FAE04EC0-301F-11D3-BF4B-00C04F79EFBC}") = "MCPTools.AppHost", "MCPTools.AppHost\MCPTools.AppHost.csproj", "{1B1CF13A-AE3D-4EDF-8262-AB285DFBB1D5}"
EndProject
Project("{FAE04EC0-301F-11D3-BF4B-00C04F79EFBC}") = "MCPTools.ServiceDefaults", "MCPTools.ServiceDefaults\MCPTools.ServiceDefaults.csproj", "{F2DDA005-D0BB-4109-BF57-5453BCCBA800}"
EndProject
Project("{FAE04EC0-301F-11D3-BF4B-00C04F79EFBC}") = "MCPTools.ImageTools", "MCPTools.ImageTools\MCPTools.ImageTools.csproj", "{F9F858E6-FD1E-48BA-A497-9182C298225A}"
EndProject
Project("{FAE04EC0-301F-11D3-BF4B-00C04F79EFBC}") = "MCPTools.CsTools", "MCPTools.CsTools\MCPTools.CsTools.csproj", "{E275B202-4D1F-4A82-BFC8-0DFD1156ABD2}"
EndProject
Global
	GlobalSection(SolutionConfigurationPlatforms) = preSolution
		Debug|Any CPU = Debug|Any CPU
		Release|Any CPU = Release|Any CPU
	EndGlobalSection
	GlobalSection(ProjectConfigurationPlatforms) = postSolution
		{1B1CF13A-AE3D-4EDF-8262-AB285DFBB1D5}.Debug|Any CPU.ActiveCfg = Debug|Any CPU
		{1B1CF13A-AE3D-4EDF-8262-AB285DFBB1D5}.Debug|Any CPU.Build.0 = Debug|Any CPU
		{1B1CF13A-AE3D-4EDF-8262-AB285DFBB1D5}.Release|Any CPU.ActiveCfg = Release|Any CPU
		{1B1CF13A-AE3D-4EDF-8262-AB285DFBB1D5}.Release|Any CPU.Build.0 = Release|Any CPU
		{F2DDA005-D0BB-4109-BF57-5453BCCBA800}.Debug|Any CPU.ActiveCfg = Debug|Any CPU
		{F2DDA005-D0BB-4109-BF57-5453BCCBA800}.Debug|Any CPU.Build.0 = Debug|Any CPU
		{F2DDA005-D0BB-4109-BF57-5453BCCBA800}.Release|Any CPU.ActiveCfg = Release|Any CPU
		{F2DDA005-D0BB-4109-BF57-5453BCCBA800}.Release|Any CPU.Build.0 = Release|Any CPU
		{F9F858E6-FD1E-48BA-A497-9182C298225A}.Debug|Any CPU.ActiveCfg = Debug|Any CPU
		{F9F858E6-FD1E-48BA-A497-9182C298225A}.Debug|Any CPU.Build.0 = Debug|Any CPU
		{F9F858E6-FD1E-48BA-A497-9182C298225A}.Release|Any CPU.ActiveCfg = Release|Any CPU
		{F9F858E6-FD1E-48BA-A497-9182C298225A}.Release|Any CPU.Build.0 = Release|Any CPU
		{E275B202-4D1F-4A82-BFC8-0DFD1156ABD2}.Debug|Any CPU.ActiveCfg = Debug|Any CPU
		{E275B202-4D1F-4A82-BFC8-0DFD1156ABD2}.Debug|Any CPU.Build.0 = Debug|Any CPU
		{E275B202-4D1F-4A82-BFC8-0DFD1156ABD2}.Release|Any CPU.ActiveCfg = Release|Any CPU
		{E275B202-4D1F-4A82-BFC8-0DFD1156ABD2}.Release|Any CPU.Build.0 = Release|Any CPU
	EndGlobalSection
	GlobalSection(SolutionProperties) = preSolution
		HideSolutionNode = FALSE
	EndGlobalSection
	GlobalSection(ExtensibilityGlobals) = postSolution
		SolutionGuid = {69B7960B-7532-4C66-BE47-4044456BC9E7}
	EndGlobalSection
EndGlobal
